// !$*UTF8*$!
{
	archiveVersion = 1;
	classes = {
	};
	objectVersion = 77;
	objects = {

/* Begin PBXBuildFile section */
		02108BF384F5AF23FEDEC424 /* PinUnlockManager.swift in Sources */ = {isa = PBXBuildFile; fileRef = 8134AF3DEEAD343E14DE7176 /* PinUnlockManager.swift */; };
		044FFC5F9B93B0EBE3A9D495 /* FirebaseCore in Frameworks */ = {isa = PBXBuildFile; productRef = 1616E3C0C3F1B6C58EA2E6F8 /* FirebaseCore */; };
		05FAF3AAA549D58EFE6EBC5F /* MuxAssetURLTracker.swift in Sources */ = {isa = PBXBuildFile; fileRef = 1B67BC39A37CEB8494AC55EC /* MuxAssetURLTracker.swift */; };
		0747A3F4CDE3D84F8F768D6D /* CachedAsyncImage.swift in Sources */ = {isa = PBXBuildFile; fileRef = 6AC99C87C7358E44EBC918F7 /* CachedAsyncImage.swift */; };
		0A4B46D9265D240BC2D5F349 /* AudioModels.swift in Sources */ = {isa = PBXBuildFile; fileRef = 86F8A186CBC39619B0FBBA3D /* AudioModels.swift */; };
		0AD1F60294B31719E317444E /* SermonLibraryView.swift in Sources */ = {isa = PBXBuildFile; fileRef = 1BD92E99B40CCBA8DC03A528 /* SermonLibraryView.swift */; };
		0AF89CE0D6A178B75F4B84CA /* ReadView.swift in Sources */ = {isa = PBXBuildFile; fileRef = 624094A79FC5FC6237E1F7FA /* ReadView.swift */; };
		0C01E4D8F2FA2DBE82323BC5 /* DeepLinkHandler.swift in Sources */ = {isa = PBXBuildFile; fileRef = C2330CEFA36FEEF6C6AC5350 /* DeepLinkHandler.swift */; };
		0C7298C66148AE5696764530 /* Assets.xcassets in Resources */ = {isa = PBXBuildFile; fileRef = 66C02F962520C695D3B6AD13 /* Assets.xcassets */; };
		12A93D5772617250437DD6EE /* ForceUpdateService.swift in Sources */ = {isa = PBXBuildFile; fileRef = E911BC137B356D7EF221459E /* ForceUpdateService.swift */; };
		12DF277ED23ED1CEC93E03C2 /* GoogleSignInSwift in Frameworks */ = {isa = PBXBuildFile; productRef = 72BA9A315F8E4750E796317C /* GoogleSignInSwift */; };
		1595DF7B19A332EA231DBF94 /* AppleMusicService.swift in Sources */ = {isa = PBXBuildFile; fileRef = C69D01F2C33DBCAFA9788C80 /* AppleMusicService.swift */; };
		186B314C7E51D486202EB1A4 /* AuthService.swift in Sources */ = {isa = PBXBuildFile; fileRef = CF44774A7E29CBA566F7B616 /* AuthService.swift */; };
		1968D2BCCD9E5AAF73743503 /* AddVideosToPlaylistView.swift in Sources */ = {isa = PBXBuildFile; fileRef = 4E4614218276913436FA6693 /* AddVideosToPlaylistView.swift */; };
		1A7CC50D550568A3C55AE869 /* DeepLinkHandler.swift in Sources */ = {isa = PBXBuildFile; fileRef = C2330CEFA36FEEF6C6AC5350 /* DeepLinkHandler.swift */; };
		1C2D65BDA5CBAF3DE3F4A6A2 /* SessionTracker.swift in Sources */ = {isa = PBXBuildFile; fileRef = 0DEF83F4CB5DB4F1BCF6F957 /* SessionTracker.swift */; };
		1DD88E221C40EE4FA682E998 /* FeedbackView.swift in Sources */ = {isa = PBXBuildFile; fileRef = 252BE56E919D458483EB5745 /* FeedbackView.swift */; };
		1F53EB431B57DDC8A2D6C9D7 /* PlaybackProgress.swift in Sources */ = {isa = PBXBuildFile; fileRef = 3D9839AE70B841040F72C402 /* PlaybackProgress.swift */; };
		21D3DE69E94859B429B4834F /* SermonLibraryView.swift in Sources */ = {isa = PBXBuildFile; fileRef = 1BD92E99B40CCBA8DC03A528 /* SermonLibraryView.swift */; };
		24492C0632578D5600AC8CFB /* MUXSDKStats in Frameworks */ = {isa = PBXBuildFile; productRef = 3CD4E424DC7058D3796D101E /* MUXSDKStats */; };
		26A43AD2CBA73C9B9533D083 /* FeedbackView.swift in Sources */ = {isa = PBXBuildFile; fileRef = 252BE56E919D458483EB5745 /* FeedbackView.swift */; };
		26F8FD5D99003414EFED2E7B /* AppleMusicView.swift in Sources */ = {isa = PBXBuildFile; fileRef = 638AD0CB70F669C5AC4BB161 /* AppleMusicView.swift */; };
		288677ECB028860DB4D76929 /* AudioPlayerManager.swift in Sources */ = {isa = PBXBuildFile; fileRef = D0520712CBE534DFD3E3EC9B /* AudioPlayerManager.swift */; };
		29A8F24D0B67DBF33EB43771 /* WatchView.swift in Sources */ = {isa = PBXBuildFile; fileRef = 167E99BD81445539EFC72C1E /* WatchView.swift */; };
		2A992876A8C3290F0E889A0E /* NewContentTracker.swift in Sources */ = {isa = PBXBuildFile; fileRef = 2E107B066E569123D75C696C /* NewContentTracker.swift */; };
		2AAD281AE18A3E5CF2092DC3 /* PlaylistDetailView.swift in Sources */ = {isa = PBXBuildFile; fileRef = F5E24BBD8FF9E929DDC68A28 /* PlaylistDetailView.swift */; };
		2C0A932B9B6A1258C98074BA /* AppleMusicService.swift in Sources */ = {isa = PBXBuildFile; fileRef = C69D01F2C33DBCAFA9788C80 /* AppleMusicService.swift */; };
		2E168F90F496AF25412FFB9D /* FirebaseFirestore in Frameworks */ = {isa = PBXBuildFile; productRef = 35D44B0978FF2C72BE2CC2F9 /* FirebaseFirestore */; };
		2FFCEB32926DFF95A90AB432 /* FirebaseMessaging in Frameworks */ = {isa = PBXBuildFile; productRef = 07232A8E50ECF46A6D38B258 /* FirebaseMessaging */; };
		332BC2A7DC0BAC497543561E /* AppNavigator.swift in Sources */ = {isa = PBXBuildFile; fileRef = EBA064B1AF5891F6AC652546 /* AppNavigator.swift */; };
		35DA88EF2CB623D6F207B819 /* IntroSplashView.swift in Sources */ = {isa = PBXBuildFile; fileRef = 5BD4BB34D3DA66E0357FBA38 /* IntroSplashView.swift */; };
		36824E447127B361217F92C6 /* WatchTimerSetupView.swift in Sources */ = {isa = PBXBuildFile; fileRef = 32539140281A45F015BC6E63 /* WatchTimerSetupView.swift */; };
		37E28E3A6C4CBE42F46BBFE4 /* LinkTVView.swift in Sources */ = {isa = PBXBuildFile; fileRef = 1F99CAF0518F07F240E8F996 /* LinkTVView.swift */; };
		39C6FB0035C9097ED69D5CED /* ForceUpdateService.swift in Sources */ = {isa = PBXBuildFile; fileRef = E911BC137B356D7EF221459E /* ForceUpdateService.swift */; };
		3AE010A2643F8FF2150D6352 /* AlbumDetailView.swift in Sources */ = {isa = PBXBuildFile; fileRef = BF40A96E6DED709473D20C93 /* AlbumDetailView.swift */; };
		3E3E6EA214DB88B7E1C3EE4C /* FirebaseAuth in Frameworks */ = {isa = PBXBuildFile; productRef = 9A8A8DED16B6E9F5CB245016 /* FirebaseAuth */; };
		3EAC9BE14027DC9F3C3D5F8B /* SearchView.swift in Sources */ = {isa = PBXBuildFile; fileRef = 13D72D60A6D18E0B02CF14CC /* SearchView.swift */; };
		400B05D98D4C65295F52BEEB /* Shared.swift in Sources */ = {isa = PBXBuildFile; fileRef = E54B22376172037E8F9AA48B /* Shared.swift */; };
		4135906417B28EBCB1369087 /* FirebaseRemoteConfig in Frameworks */ = {isa = PBXBuildFile; productRef = 0C766F2606180BCE45350973 /* FirebaseRemoteConfig */; };
		421227518220D54F05B3B16C /* PlaylistsView.swift in Sources */ = {isa = PBXBuildFile; fileRef = C30B2C470C39AA68B496C693 /* PlaylistsView.swift */; };
		466C17651CF896882A548C72 /* FeaturedManager.swift in Sources */ = {isa = PBXBuildFile; fileRef = D2767AA6ECF9AC8819158898 /* FeaturedManager.swift */; };
		472E1B7A7EFE5642262DA44E /* ContentPreloader.swift in Sources */ = {isa = PBXBuildFile; fileRef = CAC3C270807B33068E00B1DE /* ContentPreloader.swift */; };
		4A2A3E01606F2DA2491CB582 /* intro_splash.mp4 in Resources */ = {isa = PBXBuildFile; fileRef = F287C5EA0C821E00E6654798 /* intro_splash.mp4 */; };
		4F199AC780543DEB2EE61372 /* PushNotificationManager.swift in Sources */ = {isa = PBXBuildFile; fileRef = E807F1A31B58ADAB32E31DED /* PushNotificationManager.swift */; };
		5056555187B35A2163CA407C /* IntroSplashView.swift in Sources */ = {isa = PBXBuildFile; fileRef = 5BD4BB34D3DA66E0357FBA38 /* IntroSplashView.swift */; };
		51CF61EE7E25E11F93636807 /* MuxAPI.swift in Sources */ = {isa = PBXBuildFile; fileRef = 646E57631B8B719E54844D3F /* MuxAPI.swift */; };
		547BF8317AC2881F2ED6BDAA /* NewContentTracker.swift in Sources */ = {isa = PBXBuildFile; fileRef = 2E107B066E569123D75C696C /* NewContentTracker.swift */; };
		55DB8A5AF7BD4C5DBE0F6D62 /* LiveStreamView.swift in Sources */ = {isa = PBXBuildFile; fileRef = A769F42E63AF02B0A7CE9ED9 /* LiveStreamView.swift */; };
		567C24FAE0B75C95D9CDF071 /* SeriesDetailView.swift in Sources */ = {isa = PBXBuildFile; fileRef = 7EBCD7BA3DEC501F82C74E3B /* SeriesDetailView.swift */; };
		574659CCF8D08028D8AA661E /* ReadModels.swift in Sources */ = {isa = PBXBuildFile; fileRef = 3F23482E9E044216F7930A12 /* ReadModels.swift */; };
		57506669BD82F116738C52E8 /* AudioModels.swift in Sources */ = {isa = PBXBuildFile; fileRef = 86F8A186CBC39619B0FBBA3D /* AudioModels.swift */; };
		58D9239992C4B6BF5F72027B /* MuxModels.swift in Sources */ = {isa = PBXBuildFile; fileRef = AA5B13C720CB1870157FFA85 /* MuxModels.swift */; };
		597AEE31F5CC89036B080B9F /* ForceUpdateView.swift in Sources */ = {isa = PBXBuildFile; fileRef = 79685BD9EB484543EC21A89D /* ForceUpdateView.swift */; };
		59FDE1EB10B5A7FCD021A836 /* SearchView.swift in Sources */ = {isa = PBXBuildFile; fileRef = 13D72D60A6D18E0B02CF14CC /* SearchView.swift */; };
		5DC0E873799798B15A01B065 /* DownloadsView.swift in Sources */ = {isa = PBXBuildFile; fileRef = 1F6331D5941B2DF1E1765764 /* DownloadsView.swift */; };
		5F770044DD1AEF056B8C98F8 /* PlaybackTracker.swift in Sources */ = {isa = PBXBuildFile; fileRef = 2AB51D40E5C5A157F6A4849F /* PlaybackTracker.swift */; };
		5FFC1F0D9AC340815F6FE7FC /* WatchTimerSetupView.swift in Sources */ = {isa = PBXBuildFile; fileRef = 32539140281A45F015BC6E63 /* WatchTimerSetupView.swift */; };
		631E19A89F9CB54FB61EB301 /* AudioDownloadManager.swift in Sources */ = {isa = PBXBuildFile; fileRef = 69EA392FA8C68A25E0C96640 /* AudioDownloadManager.swift */; };
		66E8BF35BBC372CBDDFA27F5 /* MUXSDKStats in Frameworks */ = {isa = PBXBuildFile; productRef = 8961F1906985231ADA4CACED /* MUXSDKStats */; };
		6914B6704E0FA70AF7D96112 /* PinLockView.swift in Sources */ = {isa = PBXBuildFile; fileRef = 685CB064472934E29B70E6AE /* PinLockView.swift */; };
		696DC44702590650C67A0E84 /* VideoDownloadManager.swift in Sources */ = {isa = PBXBuildFile; fileRef = 2FB1DCFDA0ABE328C120AD7F /* VideoDownloadManager.swift */; };
		6A13C68CE85152165CB1733F /* WatchTimerManager.swift in Sources */ = {isa = PBXBuildFile; fileRef = 62057527ABAE28173080BB26 /* WatchTimerManager.swift */; };
		6A3F14F7A71F0390A7AEAA85 /* AlbumDetailView.swift in Sources */ = {isa = PBXBuildFile; fileRef = BF40A96E6DED709473D20C93 /* AlbumDetailView.swift */; };
		6A86C4DB26839E9C50671906 /* TVAudioPlayerView.swift in Sources */ = {isa = PBXBuildFile; fileRef = 63145FF02A86ADEEC8E7AAAE /* TVAudioPlayerView.swift */; };
		6D0849175356ECC2B9DFA619 /* AuthService.swift in Sources */ = {isa = PBXBuildFile; fileRef = CF44774A7E29CBA566F7B616 /* AuthService.swift */; };
		6DED98CB1E7F4A0D09DF2B47 /* FirebaseRemoteConfig in Frameworks */ = {isa = PBXBuildFile; productRef = 5C61C0AD64DD13DEC5E84967 /* FirebaseRemoteConfig */; };
		6EE469E8C1B5BD7BF77CBD1E /* VideoDownloadManager.swift in Sources */ = {isa = PBXBuildFile; fileRef = 2FB1DCFDA0ABE328C120AD7F /* VideoDownloadManager.swift */; };
		704426868476656E3D0040B9 /* SeriesDetailView.swift in Sources */ = {isa = PBXBuildFile; fileRef = 7EBCD7BA3DEC501F82C74E3B /* SeriesDetailView.swift */; };
		7085158A5E6EEF2A1560E0D0 /* LiveStreamView.swift in Sources */ = {isa = PBXBuildFile; fileRef = A769F42E63AF02B0A7CE9ED9 /* LiveStreamView.swift */; };
		7237D42BB0F9E8DF754487DD /* BrowseView.swift in Sources */ = {isa = PBXBuildFile; fileRef = 453989F1DC1AAE3C937D73D8 /* BrowseView.swift */; };
		72A177263AD775FFE8B06CD2 /* ReadModels.swift in Sources */ = {isa = PBXBuildFile; fileRef = 3F23482E9E044216F7930A12 /* ReadModels.swift */; };
		72D408B2DC146D7981CD28BD /* ContentAPI.swift in Sources */ = {isa = PBXBuildFile; fileRef = 10672F796D4B8EEECEC536BB /* ContentAPI.swift */; };
		72FC2B08F4ED1600EA84BBDD /* HomeView.swift in Sources */ = {isa = PBXBuildFile; fileRef = 1EB98D4E713668484DE5C7A0 /* HomeView.swift */; };
		736A226C146521F06F6E35DD /* BookDetailView.swift in Sources */ = {isa = PBXBuildFile; fileRef = CAAEDC6B8C6CDB0A915787E8 /* BookDetailView.swift */; };
		76E59ADE90BBE8204F87FFD5 /* MuxModels.swift in Sources */ = {isa = PBXBuildFile; fileRef = AA5B13C720CB1870157FFA85 /* MuxModels.swift */; };
		76FF919D5B0752221F11D7EB /* ContentView.swift in Sources */ = {isa = PBXBuildFile; fileRef = 6BB42A7C8E837D2D8F177E92 /* ContentView.swift */; };
		776A53C0ABA42D38A286E9A5 /* SessionTracker.swift in Sources */ = {isa = PBXBuildFile; fileRef = 0DEF83F4CB5DB4F1BCF6F957 /* SessionTracker.swift */; };
		777409169E34DF02A5F50A3E /* TVAudioPlayerView.swift in Sources */ = {isa = PBXBuildFile; fileRef = 63145FF02A86ADEEC8E7AAAE /* TVAudioPlayerView.swift */; };
		77DA59FFD756859D52166AE9 /* BookListView.swift in Sources */ = {isa = PBXBuildFile; fileRef = 350D60502108F885B3AFAEBE /* BookListView.swift */; };
		77E5A5C4EBAB5B3297F1D9BE /* FirebaseFirestore in Frameworks */ = {isa = PBXBuildFile; productRef = 198DFAB326E47D6CBFE8E37C /* FirebaseFirestore */; };
		78E6DF0114FA591C67F7333B /* PlaybackTracker.swift in Sources */ = {isa = PBXBuildFile; fileRef = 2AB51D40E5C5A157F6A4849F /* PlaybackTracker.swift */; };
		7A58861CE46B9423426AE26B /* PodcastDetailView.swift in Sources */ = {isa = PBXBuildFile; fileRef = E5E9C48C410F1334D8C0E82F /* PodcastDetailView.swift */; };
		7AA680DDA6C4DD8E4BC51D91 /* PushNotificationManager.swift in Sources */ = {isa = PBXBuildFile; fileRef = E807F1A31B58ADAB32E31DED /* PushNotificationManager.swift */; };
		7B95A09E219E8F8290E35605 /* FeaturedManager.swift in Sources */ = {isa = PBXBuildFile; fileRef = D2767AA6ECF9AC8819158898 /* FeaturedManager.swift */; };
		7C30BAB0AADEA6EA0677E3A8 /* GospelOutreachTVApp.swift in Sources */ = {isa = PBXBuildFile; fileRef = 867C773603C1C6A5BD73A6A0 /* GospelOutreachTVApp.swift */; };
		7D408BE1AA52D3922A2B9116 /* GospelOutreachTVApp.swift in Sources */ = {isa = PBXBuildFile; fileRef = 867C773603C1C6A5BD73A6A0 /* GospelOutreachTVApp.swift */; };
		7D468EABA6D25C6AE94FC0BE /* ArticleListView.swift in Sources */ = {isa = PBXBuildFile; fileRef = A5AF60BB3552372B79BD8383 /* ArticleListView.swift */; };
		7DF69711FE0ACF39F44A01A0 /* PinUnlockManager.swift in Sources */ = {isa = PBXBuildFile; fileRef = 8134AF3DEEAD343E14DE7176 /* PinUnlockManager.swift */; };
		7F4E3A143569D39C7EE1F6D7 /* LiveHLSProxy.swift in Sources */ = {isa = PBXBuildFile; fileRef = BB6B5C3BB620AE83BE388385 /* LiveHLSProxy.swift */; };
		831FC8449C0C26DDBB61C0DF /* AutoplayManager.swift in Sources */ = {isa = PBXBuildFile; fileRef = 3B831D5275942142F1361C54 /* AutoplayManager.swift */; };
		83CF790A8FD2FF8B875B6DC4 /* AudioPlayerManager.swift in Sources */ = {isa = PBXBuildFile; fileRef = D0520712CBE534DFD3E3EC9B /* AudioPlayerManager.swift */; };
		83ECE79C7559D1908BC66E68 /* CategoryLibraryView.swift in Sources */ = {isa = PBXBuildFile; fileRef = 4F212082C23E65755391A35E /* CategoryLibraryView.swift */; };
		8482B067D711D7819781F067 /* PodcastListView.swift in Sources */ = {isa = PBXBuildFile; fileRef = F76A201B95B3FB0232DDA246 /* PodcastListView.swift */; };
		8D6AF5BC32C431B8F36FB415 /* ListenView.swift in Sources */ = {isa = PBXBuildFile; fileRef = AF2C370B70F46ADEF4341E3B /* ListenView.swift */; };
		8EB64707B9B2E24B62957E5B /* PlaylistsView.swift in Sources */ = {isa = PBXBuildFile; fileRef = C30B2C470C39AA68B496C693 /* PlaylistsView.swift */; };
		8F6E8B16F526A7ECF48F02B9 /* BookListView.swift in Sources */ = {isa = PBXBuildFile; fileRef = 350D60502108F885B3AFAEBE /* BookListView.swift */; };
		91CFA851BF9E3370FDD61829 /* AddToPlaylistView.swift in Sources */ = {isa = PBXBuildFile; fileRef = 8DFE3A70452B620032D0E602 /* AddToPlaylistView.swift */; };
		9233AE2FBF5E1344D17B1775 /* KidsLibraryView.swift in Sources */ = {isa = PBXBuildFile; fileRef = 6CA6C9033A9513A86B6F38F2 /* KidsLibraryView.swift */; };
		94971029E81DED4B56A9879F /* AddToPlaylistView.swift in Sources */ = {isa = PBXBuildFile; fileRef = 8DFE3A70452B620032D0E602 /* AddToPlaylistView.swift */; };
		968F8166A2C3F0423E915A9C /* FirebaseCore in Frameworks */ = {isa = PBXBuildFile; productRef = A25A79A6CDCF39416971A7B4 /* FirebaseCore */; };
		96F84195DCE038CFD14D00CF /* AudioListView.swift in Sources */ = {isa = PBXBuildFile; fileRef = 3FD8F0F8E59BD0632E612371 /* AudioListView.swift */; };
		9794B36E3F314DD50F32A691 /* PodcastListView.swift in Sources */ = {isa = PBXBuildFile; fileRef = F76A201B95B3FB0232DDA246 /* PodcastListView.swift */; };
		97CCDC899BE95CE5E9AA9379 /* ArticleListView.swift in Sources */ = {isa = PBXBuildFile; fileRef = A5AF60BB3552372B79BD8383 /* ArticleListView.swift */; };
		98C4C4C4819FC5DB10D1EF68 /* LiveStreamManager.swift in Sources */ = {isa = PBXBuildFile; fileRef = 44B71939DC241AEFC04A95E9 /* LiveStreamManager.swift */; };
		99038A013D965DE8BBF75581 /* LoginView.swift in Sources */ = {isa = PBXBuildFile; fileRef = 9A2BEB98BC4181967E6AF0B9 /* LoginView.swift */; };
		990C250439C56F49B075551E /* PodcastDetailView.swift in Sources */ = {isa = PBXBuildFile; fileRef = E5E9C48C410F1334D8C0E82F /* PodcastDetailView.swift */; };
		9E05040404305CE3CB0D0CCB /* Assets.xcassets in Resources */ = {isa = PBXBuildFile; fileRef = 66C02F962520C695D3B6AD13 /* Assets.xcassets */; };
		9E7679E6C927C994EE7718FB /* TVLoginView.swift in Sources */ = {isa = PBXBuildFile; fileRef = 405FD0F618D0C129F32D7305 /* TVLoginView.swift */; };
		A179F431E1BD76AA9B09D611 /* PlaylistDetailView.swift in Sources */ = {isa = PBXBuildFile; fileRef = F5E24BBD8FF9E929DDC68A28 /* PlaylistDetailView.swift */; };
		A2221D954B81BBEBBAF0F43C /* BookDetailView.swift in Sources */ = {isa = PBXBuildFile; fileRef = CAAEDC6B8C6CDB0A915787E8 /* BookDetailView.swift */; };
		A3DCC3B7CBB48F5B650E5C9D /* WatchTimerLockView.swift in Sources */ = {isa = PBXBuildFile; fileRef = 35FE81DE79B1002FDF74E9FF /* WatchTimerLockView.swift */; };
		A4CAB4FD63B4E28C6F19D3BA /* CategoryLibraryView.swift in Sources */ = {isa = PBXBuildFile; fileRef = 4F212082C23E65755391A35E /* CategoryLibraryView.swift */; };
		A89A75277E9AA007E1BC24E5 /* AppleMusicView.swift in Sources */ = {isa = PBXBuildFile; fileRef = 638AD0CB70F669C5AC4BB161 /* AppleMusicView.swift */; };
		ABDFF8241542BB9A21066B9D /* WatchView.swift in Sources */ = {isa = PBXBuildFile; fileRef = 167E99BD81445539EFC72C1E /* WatchView.swift */; };
		AF32DF88449F43A770136EFC /* Shared.swift in Sources */ = {isa = PBXBuildFile; fileRef = E54B22376172037E8F9AA48B /* Shared.swift */; };
		B603BB0CFF1D2E580501DC72 /* VideoPlayerView.swift in Sources */ = {isa = PBXBuildFile; fileRef = 48E7B9F8772B82F3F354D570 /* VideoPlayerView.swift */; };
		B689793AF610E7795C38D38F /* PlaybackProgress.swift in Sources */ = {isa = PBXBuildFile; fileRef = 3D9839AE70B841040F72C402 /* PlaybackProgress.swift */; };
		B886659DC9B8DBF2C968AC2C /* ReadView.swift in Sources */ = {isa = PBXBuildFile; fileRef = 624094A79FC5FC6237E1F7FA /* ReadView.swift */; };
		BAB9BBA00AAC9DA68BE04A15 /* PinLockView.swift in Sources */ = {isa = PBXBuildFile; fileRef = 685CB064472934E29B70E6AE /* PinLockView.swift */; };
		BB74356160C6046FF3E05032 /* MuxAPI.swift in Sources */ = {isa = PBXBuildFile; fileRef = 646E57631B8B719E54844D3F /* MuxAPI.swift */; };
		BBC897417C90F1383FEFEAE8 /* VideoPlayerView.swift in Sources */ = {isa = PBXBuildFile; fileRef = 48E7B9F8772B82F3F354D570 /* VideoPlayerView.swift */; };
		C2F474622ACBA3F6FCA55553 /* ContentAPI.swift in Sources */ = {isa = PBXBuildFile; fileRef = 10672F796D4B8EEECEC536BB /* ContentAPI.swift */; };
		C3D85C845698039546A0E559 /* AudioListView.swift in Sources */ = {isa = PBXBuildFile; fileRef = 3FD8F0F8E59BD0632E612371 /* AudioListView.swift */; };
		C5A0BBF4227FA9C938ED416E /* WatchTimerManager.swift in Sources */ = {isa = PBXBuildFile; fileRef = 62057527ABAE28173080BB26 /* WatchTimerManager.swift */; };
		C6529CE414B0DDD9E878EBED /* ArticleDetailView.swift in Sources */ = {isa = PBXBuildFile; fileRef = CB3017BECF356F9CC6C48D27 /* ArticleDetailView.swift */; };
		C692B79778E5BD2AD49854BB /* CachedAsyncImage.swift in Sources */ = {isa = PBXBuildFile; fileRef = 6AC99C87C7358E44EBC918F7 /* CachedAsyncImage.swift */; };
		CA14B964D77C49E5717AB104 /* AppDelegate.swift in Sources */ = {isa = PBXBuildFile; fileRef = 181D077FAC53A8FFB902E1E4 /* AppDelegate.swift */; };
		CA74D97C966DD2A9E99514E7 /* AboutView.swift in Sources */ = {isa = PBXBuildFile; fileRef = 9D6139901B3F964C119566D4 /* AboutView.swift */; };
		CB5A8B050FCAD13F8B155DDB /* HomeView.swift in Sources */ = {isa = PBXBuildFile; fileRef = 1EB98D4E713668484DE5C7A0 /* HomeView.swift */; };
		CF4ED2A8278C649791EDCC97 /* ArticleDetailView.swift in Sources */ = {isa = PBXBuildFile; fileRef = CB3017BECF356F9CC6C48D27 /* ArticleDetailView.swift */; };
		D16AC6ED72902428AA035328 /* TVLoginView.swift in Sources */ = {isa = PBXBuildFile; fileRef = 405FD0F618D0C129F32D7305 /* TVLoginView.swift */; };
		D45C3885194E55BF3C14A064 /* ContentPreloader.swift in Sources */ = {isa = PBXBuildFile; fileRef = CAC3C270807B33068E00B1DE /* ContentPreloader.swift */; };
		D872DB2B904394F5A149CB3E /* LinkTVView.swift in Sources */ = {isa = PBXBuildFile; fileRef = 1F99CAF0518F07F240E8F996 /* LinkTVView.swift */; };
		D8BA8BFA91F29D86EC974FA8 /* AudioDownloadManager.swift in Sources */ = {isa = PBXBuildFile; fileRef = 69EA392FA8C68A25E0C96640 /* AudioDownloadManager.swift */; };
		DD7B191C841786D7CD1DFB4C /* GoogleService-Info.plist in Resources */ = {isa = PBXBuildFile; fileRef = 670782E11CBDCC9BFCA18086 /* GoogleService-Info.plist */; };
		DE36B174B6462DE28DDCE5C8 /* MuxAssetURLTracker.swift in Sources */ = {isa = PBXBuildFile; fileRef = 1B67BC39A37CEB8494AC55EC /* MuxAssetURLTracker.swift */; };
		DF7CB206541F1AD967E989AA /* BrowseView.swift in Sources */ = {isa = PBXBuildFile; fileRef = 453989F1DC1AAE3C937D73D8 /* BrowseView.swift */; };
		DFF42C8E1272AE5DA2B2C7F4 /* LoginView.swift in Sources */ = {isa = PBXBuildFile; fileRef = 9A2BEB98BC4181967E6AF0B9 /* LoginView.swift */; };
		E09D981DC7F735B25595C3DE /* LiveHLSProxy.swift in Sources */ = {isa = PBXBuildFile; fileRef = BB6B5C3BB620AE83BE388385 /* LiveHLSProxy.swift */; };
		E2168F1AF469BB027434F6BD /* AppDelegate.swift in Sources */ = {isa = PBXBuildFile; fileRef = 181D077FAC53A8FFB902E1E4 /* AppDelegate.swift */; };
		E29FFF9269B13A8C3E3EFFF1 /* GoogleService-Info.plist in Resources */ = {isa = PBXBuildFile; fileRef = 670782E11CBDCC9BFCA18086 /* GoogleService-Info.plist */; };
		E5634F1468F1CA47BB23010F /* AutoplayManager.swift in Sources */ = {isa = PBXBuildFile; fileRef = 3B831D5275942142F1361C54 /* AutoplayManager.swift */; };
		E6F7D98CAEDF1692D5F0A412 /* PlaylistModels.swift in Sources */ = {isa = PBXBuildFile; fileRef = 58CEE9694631039DF5B41E9C /* PlaylistModels.swift */; };
		E79CECE78435209C62F86880 /* PlaylistModels.swift in Sources */ = {isa = PBXBuildFile; fileRef = 58CEE9694631039DF5B41E9C /* PlaylistModels.swift */; };
		EBCCC218BEE6CB782B62919B /* AddVideosToPlaylistView.swift in Sources */ = {isa = PBXBuildFile; fileRef = 4E4614218276913436FA6693 /* AddVideosToPlaylistView.swift */; };
		EED463D68A7013E7A27F3E88 /* GoogleSignIn in Frameworks */ = {isa = PBXBuildFile; productRef = FB4D0E603F0298E4139F45A6 /* GoogleSignIn */; };
		EFB7D1DBF7936A893BA67EE4 /* ForceUpdateView.swift in Sources */ = {isa = PBXBuildFile; fileRef = 79685BD9EB484543EC21A89D /* ForceUpdateView.swift */; };
		F0BA75E373A36869418FAEC4 /* intro_splash.mp4 in Resources */ = {isa = PBXBuildFile; fileRef = F287C5EA0C821E00E6654798 /* intro_splash.mp4 */; };
		F175EC4FF1E90CA2AD1DE46D /* ContentView.swift in Sources */ = {isa = PBXBuildFile; fileRef = 6BB42A7C8E837D2D8F177E92 /* ContentView.swift */; };
		F47EC815985D54FAEDE10A6D /* KidsLibraryView.swift in Sources */ = {isa = PBXBuildFile; fileRef = 6CA6C9033A9513A86B6F38F2 /* KidsLibraryView.swift */; };
		F697A2289B32663B6D3401EF /* LiveStreamManager.swift in Sources */ = {isa = PBXBuildFile; fileRef = 44B71939DC241AEFC04A95E9 /* LiveStreamManager.swift */; };
		F78CE15BA16A73F298AB57B1 /* ListenView.swift in Sources */ = {isa = PBXBuildFile; fileRef = AF2C370B70F46ADEF4341E3B /* ListenView.swift */; };
		FACDDFAF364E2788FE26DF97 /* WatchTimerLockView.swift in Sources */ = {isa = PBXBuildFile; fileRef = 35FE81DE79B1002FDF74E9FF /* WatchTimerLockView.swift */; };
		FB4E7405CD3B3E194DEF9460 /* AppNavigator.swift in Sources */ = {isa = PBXBuildFile; fileRef = EBA064B1AF5891F6AC652546 /* AppNavigator.swift */; };
		FC1440C98C655BB4183A2942 /* DownloadsView.swift in Sources */ = {isa = PBXBuildFile; fileRef = 1F6331D5941B2DF1E1765764 /* DownloadsView.swift */; };
		FFB19AA1E21D668BF7965428 /* FirebaseAuth in Frameworks */ = {isa = PBXBuildFile; productRef = 05C11F21CBA1F6CAAED37BC8 /* FirebaseAuth */; };
		FFC937001C5EC9ECD6A20C28 /* AboutView.swift in Sources */ = {isa = PBXBuildFile; fileRef = 9D6139901B3F964C119566D4 /* AboutView.swift */; };
/* End PBXBuildFile section */

/* Begin PBXFileReference section */
		0DEF83F4CB5DB4F1BCF6F957 /* SessionTracker.swift */ = {isa = PBXFileReference; lastKnownFileType = sourcecode.swift; path = SessionTracker.swift; sourceTree = "<group>"; };
		10672F796D4B8EEECEC536BB /* ContentAPI.swift */ = {isa = PBXFileReference; lastKnownFileType = sourcecode.swift; path = ContentAPI.swift; sourceTree = "<group>"; };
		13D72D60A6D18E0B02CF14CC /* SearchView.swift */ = {isa = PBXFileReference; lastKnownFileType = sourcecode.swift; path = SearchView.swift; sourceTree = "<group>"; };
		16272F9D03848DD60479FD55 /* GospelOutreach.entitlements */ = {isa = PBXFileReference; lastKnownFileType = text.plist.entitlements; path = GospelOutreach.entitlements; sourceTree = "<group>"; };
		167E99BD81445539EFC72C1E /* WatchView.swift */ = {isa = PBXFileReference; lastKnownFileType = sourcecode.swift; path = WatchView.swift; sourceTree = "<group>"; };
		181D077FAC53A8FFB902E1E4 /* AppDelegate.swift */ = {isa = PBXFileReference; lastKnownFileType = sourcecode.swift; path = AppDelegate.swift; sourceTree = "<group>"; };
		1B67BC39A37CEB8494AC55EC /* MuxAssetURLTracker.swift */ = {isa = PBXFileReference; lastKnownFileType = sourcecode.swift; path = MuxAssetURLTracker.swift; sourceTree = "<group>"; };
		1BD92E99B40CCBA8DC03A528 /* SermonLibraryView.swift */ = {isa = PBXFileReference; lastKnownFileType = sourcecode.swift; path = SermonLibraryView.swift; sourceTree = "<group>"; };
		1EB98D4E713668484DE5C7A0 /* HomeView.swift */ = {isa = PBXFileReference; lastKnownFileType = sourcecode.swift; path = HomeView.swift; sourceTree = "<group>"; };
		1F6331D5941B2DF1E1765764 /* DownloadsView.swift */ = {isa = PBXFileReference; lastKnownFileType = sourcecode.swift; path = DownloadsView.swift; sourceTree = "<group>"; };
		1F99CAF0518F07F240E8F996 /* LinkTVView.swift */ = {isa = PBXFileReference; lastKnownFileType = sourcecode.swift; path = LinkTVView.swift; sourceTree = "<group>"; };
		252BE56E919D458483EB5745 /* FeedbackView.swift */ = {isa = PBXFileReference; lastKnownFileType = sourcecode.swift; path = FeedbackView.swift; sourceTree = "<group>"; };
		2AB51D40E5C5A157F6A4849F /* PlaybackTracker.swift */ = {isa = PBXFileReference; lastKnownFileType = sourcecode.swift; path = PlaybackTracker.swift; sourceTree = "<group>"; };
		2E107B066E569123D75C696C /* NewContentTracker.swift */ = {isa = PBXFileReference; lastKnownFileType = sourcecode.swift; path = NewContentTracker.swift; sourceTree = "<group>"; };
		2FB1DCFDA0ABE328C120AD7F /* VideoDownloadManager.swift */ = {isa = PBXFileReference; lastKnownFileType = sourcecode.swift; path = VideoDownloadManager.swift; sourceTree = "<group>"; };
		32539140281A45F015BC6E63 /* WatchTimerSetupView.swift */ = {isa = PBXFileReference; lastKnownFileType = sourcecode.swift; path = WatchTimerSetupView.swift; sourceTree = "<group>"; };
		350D60502108F885B3AFAEBE /* BookListView.swift */ = {isa = PBXFileReference; lastKnownFileType = sourcecode.swift; path = BookListView.swift; sourceTree = "<group>"; };
		35FE81DE79B1002FDF74E9FF /* WatchTimerLockView.swift */ = {isa = PBXFileReference; lastKnownFileType = sourcecode.swift; path = WatchTimerLockView.swift; sourceTree = "<group>"; };
		38730F19842EF76EB3F08D9D /* Info.plist */ = {isa = PBXFileReference; lastKnownFileType = text.plist; path = Info.plist; sourceTree = "<group>"; };
		3B831D5275942142F1361C54 /* AutoplayManager.swift */ = {isa = PBXFileReference; lastKnownFileType = sourcecode.swift; path = AutoplayManager.swift; sourceTree = "<group>"; };
		3D9839AE70B841040F72C402 /* PlaybackProgress.swift */ = {isa = PBXFileReference; lastKnownFileType = sourcecode.swift; path = PlaybackProgress.swift; sourceTree = "<group>"; };
		3F23482E9E044216F7930A12 /* ReadModels.swift */ = {isa = PBXFileReference; lastKnownFileType = sourcecode.swift; path = ReadModels.swift; sourceTree = "<group>"; };
		3FD8F0F8E59BD0632E612371 /* AudioListView.swift */ = {isa = PBXFileReference; lastKnownFileType = sourcecode.swift; path = AudioListView.swift; sourceTree = "<group>"; };
		405FD0F618D0C129F32D7305 /* TVLoginView.swift */ = {isa = PBXFileReference; lastKnownFileType = sourcecode.swift; path = TVLoginView.swift; sourceTree = "<group>"; };
		44B71939DC241AEFC04A95E9 /* LiveStreamManager.swift */ = {isa = PBXFileReference; lastKnownFileType = sourcecode.swift; path = LiveStreamManager.swift; sourceTree = "<group>"; };
		4526B19CC036FD7138531B73 /* GospelOutreach-tvOS.entitlements */ = {isa = PBXFileReference; lastKnownFileType = text.plist.entitlements; path = "GospelOutreach-tvOS.entitlements"; sourceTree = "<group>"; };
		453989F1DC1AAE3C937D73D8 /* BrowseView.swift */ = {isa = PBXFileReference; lastKnownFileType = sourcecode.swift; path = BrowseView.swift; sourceTree = "<group>"; };
		48E7B9F8772B82F3F354D570 /* VideoPlayerView.swift */ = {isa = PBXFileReference; lastKnownFileType = sourcecode.swift; path = VideoPlayerView.swift; sourceTree = "<group>"; };
		4E4614218276913436FA6693 /* AddVideosToPlaylistView.swift */ = {isa = PBXFileReference; lastKnownFileType = sourcecode.swift; path = AddVideosToPlaylistView.swift; sourceTree = "<group>"; };
		4F212082C23E65755391A35E /* CategoryLibraryView.swift */ = {isa = PBXFileReference; lastKnownFileType = sourcecode.swift; path = CategoryLibraryView.swift; sourceTree = "<group>"; };
		58CEE9694631039DF5B41E9C /* PlaylistModels.swift */ = {isa = PBXFileReference; lastKnownFileType = sourcecode.swift; path = PlaylistModels.swift; sourceTree = "<group>"; };
		5BD4BB34D3DA66E0357FBA38 /* IntroSplashView.swift */ = {isa = PBXFileReference; lastKnownFileType = sourcecode.swift; path = IntroSplashView.swift; sourceTree = "<group>"; };
		62057527ABAE28173080BB26 /* WatchTimerManager.swift */ = {isa = PBXFileReference; lastKnownFileType = sourcecode.swift; path = WatchTimerManager.swift; sourceTree = "<group>"; };
		624094A79FC5FC6237E1F7FA /* ReadView.swift */ = {isa = PBXFileReference; lastKnownFileType = sourcecode.swift; path = ReadView.swift; sourceTree = "<group>"; };
		63145FF02A86ADEEC8E7AAAE /* TVAudioPlayerView.swift */ = {isa = PBXFileReference; lastKnownFileType = sourcecode.swift; path = TVAudioPlayerView.swift; sourceTree = "<group>"; };
		638AD0CB70F669C5AC4BB161 /* AppleMusicView.swift */ = {isa = PBXFileReference; lastKnownFileType = sourcecode.swift; path = AppleMusicView.swift; sourceTree = "<group>"; };
		646E57631B8B719E54844D3F /* MuxAPI.swift */ = {isa = PBXFileReference; lastKnownFileType = sourcecode.swift; path = MuxAPI.swift; sourceTree = "<group>"; };
		66C02F962520C695D3B6AD13 /* Assets.xcassets */ = {isa = PBXFileReference; lastKnownFileType = folder.assetcatalog; path = Assets.xcassets; sourceTree = "<group>"; };
		670782E11CBDCC9BFCA18086 /* GoogleService-Info.plist */ = {isa = PBXFileReference; lastKnownFileType = text.plist; path = "GoogleService-Info.plist"; sourceTree = "<group>"; };
		685CB064472934E29B70E6AE /* PinLockView.swift */ = {isa = PBXFileReference; lastKnownFileType = sourcecode.swift; path = PinLockView.swift; sourceTree = "<group>"; };
		69EA392FA8C68A25E0C96640 /* AudioDownloadManager.swift */ = {isa = PBXFileReference; lastKnownFileType = sourcecode.swift; path = AudioDownloadManager.swift; sourceTree = "<group>"; };
		6AC99C87C7358E44EBC918F7 /* CachedAsyncImage.swift */ = {isa = PBXFileReference; lastKnownFileType = sourcecode.swift; path = CachedAsyncImage.swift; sourceTree = "<group>"; };
		6BB42A7C8E837D2D8F177E92 /* ContentView.swift */ = {isa = PBXFileReference; lastKnownFileType = sourcecode.swift; path = ContentView.swift; sourceTree = "<group>"; };
		6CA6C9033A9513A86B6F38F2 /* KidsLibraryView.swift */ = {isa = PBXFileReference; lastKnownFileType = sourcecode.swift; path = KidsLibraryView.swift; sourceTree = "<group>"; };
		79685BD9EB484543EC21A89D /* ForceUpdateView.swift */ = {isa = PBXFileReference; lastKnownFileType = sourcecode.swift; path = ForceUpdateView.swift; sourceTree = "<group>"; };
		7EBCD7BA3DEC501F82C74E3B /* SeriesDetailView.swift */ = {isa = PBXFileReference; lastKnownFileType = sourcecode.swift; path = SeriesDetailView.swift; sourceTree = "<group>"; };
		8134AF3DEEAD343E14DE7176 /* PinUnlockManager.swift */ = {isa = PBXFileReference; lastKnownFileType = sourcecode.swift; path = PinUnlockManager.swift; sourceTree = "<group>"; };
		867C773603C1C6A5BD73A6A0 /* GospelOutreachTVApp.swift */ = {isa = PBXFileReference; lastKnownFileType = sourcecode.swift; path = GospelOutreachTVApp.swift; sourceTree = "<group>"; };
		86F8A186CBC39619B0FBBA3D /* AudioModels.swift */ = {isa = PBXFileReference; lastKnownFileType = sourcecode.swift; path = AudioModels.swift; sourceTree = "<group>"; };
		8B5D74EED32CD28289B0C277 /* GospelOutreachVideo_tvOS.app */ = {isa = PBXFileReference; includeInIndex = 0; lastKnownFileType = wrapper.application; path = GospelOutreachVideo_tvOS.app; sourceTree = BUILT_PRODUCTS_DIR; };
		8DFE3A70452B620032D0E602 /* AddToPlaylistView.swift */ = {isa = PBXFileReference; lastKnownFileType = sourcecode.swift; path = AddToPlaylistView.swift; sourceTree = "<group>"; };
		9A2BEB98BC4181967E6AF0B9 /* LoginView.swift */ = {isa = PBXFileReference; lastKnownFileType = sourcecode.swift; path = LoginView.swift; sourceTree = "<group>"; };
		9D6139901B3F964C119566D4 /* AboutView.swift */ = {isa = PBXFileReference; lastKnownFileType = sourcecode.swift; path = AboutView.swift; sourceTree = "<group>"; };
		A5AF60BB3552372B79BD8383 /* ArticleListView.swift */ = {isa = PBXFileReference; lastKnownFileType = sourcecode.swift; path = ArticleListView.swift; sourceTree = "<group>"; };
		A769F42E63AF02B0A7CE9ED9 /* LiveStreamView.swift */ = {isa = PBXFileReference; lastKnownFileType = sourcecode.swift; path = LiveStreamView.swift; sourceTree = "<group>"; };
		AA5B13C720CB1870157FFA85 /* MuxModels.swift */ = {isa = PBXFileReference; lastKnownFileType = sourcecode.swift; path = MuxModels.swift; sourceTree = "<group>"; };
		AF2C370B70F46ADEF4341E3B /* ListenView.swift */ = {isa = PBXFileReference; lastKnownFileType = sourcecode.swift; path = ListenView.swift; sourceTree = "<group>"; };
		B56804BD45163F952A6A89DC /* Info-tvOS.plist */ = {isa = PBXFileReference; lastKnownFileType = text.plist; path = "Info-tvOS.plist"; sourceTree = "<group>"; };
		BB6B5C3BB620AE83BE388385 /* LiveHLSProxy.swift */ = {isa = PBXFileReference; lastKnownFileType = sourcecode.swift; path = LiveHLSProxy.swift; sourceTree = "<group>"; };
		BF40A96E6DED709473D20C93 /* AlbumDetailView.swift */ = {isa = PBXFileReference; lastKnownFileType = sourcecode.swift; path = AlbumDetailView.swift; sourceTree = "<group>"; };
		C2330CEFA36FEEF6C6AC5350 /* DeepLinkHandler.swift */ = {isa = PBXFileReference; lastKnownFileType = sourcecode.swift; path = DeepLinkHandler.swift; sourceTree = "<group>"; };
		C30B2C470C39AA68B496C693 /* PlaylistsView.swift */ = {isa = PBXFileReference; lastKnownFileType = sourcecode.swift; path = PlaylistsView.swift; sourceTree = "<group>"; };
		C69D01F2C33DBCAFA9788C80 /* AppleMusicService.swift */ = {isa = PBXFileReference; lastKnownFileType = sourcecode.swift; path = AppleMusicService.swift; sourceTree = "<group>"; };
		CAAEDC6B8C6CDB0A915787E8 /* BookDetailView.swift */ = {isa = PBXFileReference; lastKnownFileType = sourcecode.swift; path = BookDetailView.swift; sourceTree = "<group>"; };
		CAC3C270807B33068E00B1DE /* ContentPreloader.swift */ = {isa = PBXFileReference; lastKnownFileType = sourcecode.swift; path = ContentPreloader.swift; sourceTree = "<group>"; };
		CB3017BECF356F9CC6C48D27 /* ArticleDetailView.swift */ = {isa = PBXFileReference; lastKnownFileType = sourcecode.swift; path = ArticleDetailView.swift; sourceTree = "<group>"; };
		CF44774A7E29CBA566F7B616 /* AuthService.swift */ = {isa = PBXFileReference; lastKnownFileType = sourcecode.swift; path = AuthService.swift; sourceTree = "<group>"; };
		D0520712CBE534DFD3E3EC9B /* AudioPlayerManager.swift */ = {isa = PBXFileReference; lastKnownFileType = sourcecode.swift; path = AudioPlayerManager.swift; sourceTree = "<group>"; };
		D09DFB80BA6D8123F4E96438 /* GospelOutreachVideo_iOS.app */ = {isa = PBXFileReference; includeInIndex = 0; lastKnownFileType = wrapper.application; path = GospelOutreachVideo_iOS.app; sourceTree = BUILT_PRODUCTS_DIR; };
		D2767AA6ECF9AC8819158898 /* FeaturedManager.swift */ = {isa = PBXFileReference; lastKnownFileType = sourcecode.swift; path = FeaturedManager.swift; sourceTree = "<group>"; };
		E54B22376172037E8F9AA48B /* Shared.swift */ = {isa = PBXFileReference; lastKnownFileType = sourcecode.swift; path = Shared.swift; sourceTree = "<group>"; };
		E5E9C48C410F1334D8C0E82F /* PodcastDetailView.swift */ = {isa = PBXFileReference; lastKnownFileType = sourcecode.swift; path = PodcastDetailView.swift; sourceTree = "<group>"; };
		E807F1A31B58ADAB32E31DED /* PushNotificationManager.swift */ = {isa = PBXFileReference; lastKnownFileType = sourcecode.swift; path = PushNotificationManager.swift; sourceTree = "<group>"; };
		E911BC137B356D7EF221459E /* ForceUpdateService.swift */ = {isa = PBXFileReference; lastKnownFileType = sourcecode.swift; path = ForceUpdateService.swift; sourceTree = "<group>"; };
		EBA064B1AF5891F6AC652546 /* AppNavigator.swift */ = {isa = PBXFileReference; lastKnownFileType = sourcecode.swift; path = AppNavigator.swift; sourceTree = "<group>"; };
		F287C5EA0C821E00E6654798 /* intro_splash.mp4 */ = {isa = PBXFileReference; path = intro_splash.mp4; sourceTree = "<group>"; };
		F5E24BBD8FF9E929DDC68A28 /* PlaylistDetailView.swift */ = {isa = PBXFileReference; lastKnownFileType = sourcecode.swift; path = PlaylistDetailView.swift; sourceTree = "<group>"; };
		F76A201B95B3FB0232DDA246 /* PodcastListView.swift */ = {isa = PBXFileReference; lastKnownFileType = sourcecode.swift; path = PodcastListView.swift; sourceTree = "<group>"; };
/* End PBXFileReference section */

/* Begin PBXFrameworksBuildPhase section */
		3C099950A90B96E1657BAA4B /* Frameworks */ = {
			isa = PBXFrameworksBuildPhase;
			buildActionMask = 2147483647;
			files = (
				4135906417B28EBCB1369087 /* FirebaseRemoteConfig in Frameworks */,
				968F8166A2C3F0423E915A9C /* FirebaseCore in Frameworks */,
				FFB19AA1E21D668BF7965428 /* FirebaseAuth in Frameworks */,
				77E5A5C4EBAB5B3297F1D9BE /* FirebaseFirestore in Frameworks */,
				EED463D68A7013E7A27F3E88 /* GoogleSignIn in Frameworks */,
				12DF277ED23ED1CEC93E03C2 /* GoogleSignInSwift in Frameworks */,
				66E8BF35BBC372CBDDFA27F5 /* MUXSDKStats in Frameworks */,
				2FFCEB32926DFF95A90AB432 /* FirebaseMessaging in Frameworks */,
			);
			runOnlyForDeploymentPostprocessing = 0;
		};
		CD238C16C40CD29387BE94BB /* Frameworks */ = {
			isa = PBXFrameworksBuildPhase;
			buildActionMask = 2147483647;
			files = (
				6DED98CB1E7F4A0D09DF2B47 /* FirebaseRemoteConfig in Frameworks */,
				044FFC5F9B93B0EBE3A9D495 /* FirebaseCore in Frameworks */,
				3E3E6EA214DB88B7E1C3EE4C /* FirebaseAuth in Frameworks */,
				2E168F90F496AF25412FFB9D /* FirebaseFirestore in Frameworks */,
				24492C0632578D5600AC8CFB /* MUXSDKStats in Frameworks */,
			);
			runOnlyForDeploymentPostprocessing = 0;
		};
/* End PBXFrameworksBuildPhase section */

/* Begin PBXGroup section */
		008019067ACD070DD0F5B896 /* Sources */ = {
			isa = PBXGroup;
			children = (
				66C02F962520C695D3B6AD13 /* Assets.xcassets */,
				670782E11CBDCC9BFCA18086 /* GoogleService-Info.plist */,
				4526B19CC036FD7138531B73 /* GospelOutreach-tvOS.entitlements */,
				16272F9D03848DD60479FD55 /* GospelOutreach.entitlements */,
				B56804BD45163F952A6A89DC /* Info-tvOS.plist */,
				38730F19842EF76EB3F08D9D /* Info.plist */,
				F287C5EA0C821E00E6654798 /* intro_splash.mp4 */,
				170B8A2DFC7F181F63264614 /* App */,
				7D44759F4D9AA4F97265FD23 /* Models */,
				0274ED8BA4CEDE9F505BC430 /* Services */,
				F94B2F99A798C6CF00323D90 /* Views */,
			);
			path = Sources;
			sourceTree = "<group>";
		};
		0274ED8BA4CEDE9F505BC430 /* Services */ = {
			isa = PBXGroup;
			children = (
				C69D01F2C33DBCAFA9788C80 /* AppleMusicService.swift */,
				69EA392FA8C68A25E0C96640 /* AudioDownloadManager.swift */,
				D0520712CBE534DFD3E3EC9B /* AudioPlayerManager.swift */,
				CF44774A7E29CBA566F7B616 /* AuthService.swift */,
				3B831D5275942142F1361C54 /* AutoplayManager.swift */,
				10672F796D4B8EEECEC536BB /* ContentAPI.swift */,
				CAC3C270807B33068E00B1DE /* ContentPreloader.swift */,
				C2330CEFA36FEEF6C6AC5350 /* DeepLinkHandler.swift */,
				D2767AA6ECF9AC8819158898 /* FeaturedManager.swift */,
				E911BC137B356D7EF221459E /* ForceUpdateService.swift */,
				BB6B5C3BB620AE83BE388385 /* LiveHLSProxy.swift */,
				44B71939DC241AEFC04A95E9 /* LiveStreamManager.swift */,
				646E57631B8B719E54844D3F /* MuxAPI.swift */,
				1B67BC39A37CEB8494AC55EC /* MuxAssetURLTracker.swift */,
				2E107B066E569123D75C696C /* NewContentTracker.swift */,
				8134AF3DEEAD343E14DE7176 /* PinUnlockManager.swift */,
				3D9839AE70B841040F72C402 /* PlaybackProgress.swift */,
				2AB51D40E5C5A157F6A4849F /* PlaybackTracker.swift */,
				E807F1A31B58ADAB32E31DED /* PushNotificationManager.swift */,
				0DEF83F4CB5DB4F1BCF6F957 /* SessionTracker.swift */,
				2FB1DCFDA0ABE328C120AD7F /* VideoDownloadManager.swift */,
				62057527ABAE28173080BB26 /* WatchTimerManager.swift */,
			);
			path = Services;
			sourceTree = "<group>";
		};
		170B8A2DFC7F181F63264614 /* App */ = {
			isa = PBXGroup;
			children = (
				181D077FAC53A8FFB902E1E4 /* AppDelegate.swift */,
				EBA064B1AF5891F6AC652546 /* AppNavigator.swift */,
				867C773603C1C6A5BD73A6A0 /* GospelOutreachTVApp.swift */,
			);
			path = App;
			sourceTree = "<group>";
		};
		29DFD78D64F9125FFD4E1BBF /* Auth */ = {
			isa = PBXGroup;
			children = (
				1F99CAF0518F07F240E8F996 /* LinkTVView.swift */,
				9A2BEB98BC4181967E6AF0B9 /* LoginView.swift */,
				405FD0F618D0C129F32D7305 /* TVLoginView.swift */,
			);
			path = Auth;
			sourceTree = "<group>";
		};
		5B0A6E3DBB632AC719DE8C61 = {
			isa = PBXGroup;
			children = (
				008019067ACD070DD0F5B896 /* Sources */,
				E5D7E73E89B0FCB2A3F40635 /* Products */,
			);
			sourceTree = "<group>";
		};
		7D44759F4D9AA4F97265FD23 /* Models */ = {
			isa = PBXGroup;
			children = (
				86F8A186CBC39619B0FBBA3D /* AudioModels.swift */,
				AA5B13C720CB1870157FFA85 /* MuxModels.swift */,
				58CEE9694631039DF5B41E9C /* PlaylistModels.swift */,
				3F23482E9E044216F7930A12 /* ReadModels.swift */,
			);
			path = Models;
			sourceTree = "<group>";
		};
		E5D7E73E89B0FCB2A3F40635 /* Products */ = {
			isa = PBXGroup;
			children = (
				D09DFB80BA6D8123F4E96438 /* GospelOutreachVideo_iOS.app */,
				8B5D74EED32CD28289B0C277 /* GospelOutreachVideo_tvOS.app */,
			);
			name = Products;
			sourceTree = "<group>";
		};
		F94B2F99A798C6CF00323D90 /* Views */ = {
			isa = PBXGroup;
			children = (
				9D6139901B3F964C119566D4 /* AboutView.swift */,
				8DFE3A70452B620032D0E602 /* AddToPlaylistView.swift */,
				4E4614218276913436FA6693 /* AddVideosToPlaylistView.swift */,
				BF40A96E6DED709473D20C93 /* AlbumDetailView.swift */,
				638AD0CB70F669C5AC4BB161 /* AppleMusicView.swift */,
				CB3017BECF356F9CC6C48D27 /* ArticleDetailView.swift */,
				A5AF60BB3552372B79BD8383 /* ArticleListView.swift */,
				3FD8F0F8E59BD0632E612371 /* AudioListView.swift */,
				CAAEDC6B8C6CDB0A915787E8 /* BookDetailView.swift */,
				350D60502108F885B3AFAEBE /* BookListView.swift */,
				453989F1DC1AAE3C937D73D8 /* BrowseView.swift */,
				6AC99C87C7358E44EBC918F7 /* CachedAsyncImage.swift */,
				4F212082C23E65755391A35E /* CategoryLibraryView.swift */,
				6BB42A7C8E837D2D8F177E92 /* ContentView.swift */,
				1F6331D5941B2DF1E1765764 /* DownloadsView.swift */,
				252BE56E919D458483EB5745 /* FeedbackView.swift */,
				79685BD9EB484543EC21A89D /* ForceUpdateView.swift */,
				1EB98D4E713668484DE5C7A0 /* HomeView.swift */,
				5BD4BB34D3DA66E0357FBA38 /* IntroSplashView.swift */,
				6CA6C9033A9513A86B6F38F2 /* KidsLibraryView.swift */,
				AF2C370B70F46ADEF4341E3B /* ListenView.swift */,
				A769F42E63AF02B0A7CE9ED9 /* LiveStreamView.swift */,
				685CB064472934E29B70E6AE /* PinLockView.swift */,
				F5E24BBD8FF9E929DDC68A28 /* PlaylistDetailView.swift */,
				C30B2C470C39AA68B496C693 /* PlaylistsView.swift */,
				E5E9C48C410F1334D8C0E82F /* PodcastDetailView.swift */,
				F76A201B95B3FB0232DDA246 /* PodcastListView.swift */,
				624094A79FC5FC6237E1F7FA /* ReadView.swift */,
				13D72D60A6D18E0B02CF14CC /* SearchView.swift */,
				7EBCD7BA3DEC501F82C74E3B /* SeriesDetailView.swift */,
				1BD92E99B40CCBA8DC03A528 /* SermonLibraryView.swift */,
				E54B22376172037E8F9AA48B /* Shared.swift */,
				63145FF02A86ADEEC8E7AAAE /* TVAudioPlayerView.swift */,
				48E7B9F8772B82F3F354D570 /* VideoPlayerView.swift */,
				35FE81DE79B1002FDF74E9FF /* WatchTimerLockView.swift */,
				32539140281A45F015BC6E63 /* WatchTimerSetupView.swift */,
				167E99BD81445539EFC72C1E /* WatchView.swift */,
				29DFD78D64F9125FFD4E1BBF /* Auth */,
			);
			path = Views;
			sourceTree = "<group>";
		};
/* End PBXGroup section */

/* Begin PBXNativeTarget section */
		3B2FF305B2636568812898E3 /* GospelOutreachVideo_iOS */ = {
			isa = PBXNativeTarget;
			buildConfigurationList = BE60DFE595841FBB5E91E8AB /* Build configuration list for PBXNativeTarget "GospelOutreachVideo_iOS" */;
			buildPhases = (
				73488170367F251B2EF2FA12 /* Sources */,
				F33890C574077C9D778C8604 /* Resources */,
				3C099950A90B96E1657BAA4B /* Frameworks */,
			);
			buildRules = (
			);
			dependencies = (
			);
			name = GospelOutreachVideo_iOS;
			packageProductDependencies = (
				0C766F2606180BCE45350973 /* FirebaseRemoteConfig */,
				A25A79A6CDCF39416971A7B4 /* FirebaseCore */,
				05C11F21CBA1F6CAAED37BC8 /* FirebaseAuth */,
				198DFAB326E47D6CBFE8E37C /* FirebaseFirestore */,
				FB4D0E603F0298E4139F45A6 /* GoogleSignIn */,
				72BA9A315F8E4750E796317C /* GoogleSignInSwift */,
				8961F1906985231ADA4CACED /* MUXSDKStats */,
				07232A8E50ECF46A6D38B258 /* FirebaseMessaging */,
			);
			productName = GospelOutreachVideo_iOS;
			productReference = D09DFB80BA6D8123F4E96438 /* GospelOutreachVideo_iOS.app */;
			productType = "com.apple.product-type.application";
		};
		EA2025686F29BD1605D8EF8C /* GospelOutreachVideo_tvOS */ = {
			isa = PBXNativeTarget;
			buildConfigurationList = D3097B8EF4B725D771429EF3 /* Build configuration list for PBXNativeTarget "GospelOutreachVideo_tvOS" */;
			buildPhases = (
				C56C8AC99D5534CA8799BE4C /* Sources */,
				1F0BE0A568236627FC196B80 /* Resources */,
				CD238C16C40CD29387BE94BB /* Frameworks */,
			);
			buildRules = (
			);
			dependencies = (
			);
			name = GospelOutreachVideo_tvOS;
			packageProductDependencies = (
				5C61C0AD64DD13DEC5E84967 /* FirebaseRemoteConfig */,
				1616E3C0C3F1B6C58EA2E6F8 /* FirebaseCore */,
				9A8A8DED16B6E9F5CB245016 /* FirebaseAuth */,
				35D44B0978FF2C72BE2CC2F9 /* FirebaseFirestore */,
				3CD4E424DC7058D3796D101E /* MUXSDKStats */,
			);
			productName = GospelOutreachVideo_tvOS;
			productReference = 8B5D74EED32CD28289B0C277 /* GospelOutreachVideo_tvOS.app */;
			productType = "com.apple.product-type.application";
		};
/* End PBXNativeTarget section */

/* Begin PBXProject section */
		1AA505967DB338C1D7F1C448 /* Project object */ = {
			isa = PBXProject;
			attributes = {
				BuildIndependentTargetsInParallel = YES;
				LastUpgradeCheck = 1600;
				TargetAttributes = {
					3B2FF305B2636568812898E3 = {
						DevelopmentTeam = N93KX6VC9R;
						ProvisioningStyle = Automatic;
					};
					EA2025686F29BD1605D8EF8C = {
						DevelopmentTeam = N93KX6VC9R;
						ProvisioningStyle = Automatic;
					};
				};
			};
			buildConfigurationList = 467A5C018797E1A87A4DE4D9 /* Build configuration list for PBXProject "GospelOutreachVideo" */;
			developmentRegion = en;
			hasScannedForEncodings = 0;
			knownRegions = (
				Base,
				en,
			);
			mainGroup = 5B0A6E3DBB632AC719DE8C61;
			minimizedProjectReferenceProxies = 1;
			packageReferences = (
				52989700F9B30FF08C80DE0E /* XCRemoteSwiftPackageReference "firebase-ios-sdk" */,
				F2AF9F7923BBE405034FA9F5 /* XCRemoteSwiftPackageReference "GoogleSignIn-iOS" */,
				FEE97297DB5B7C618B5537C4 /* XCRemoteSwiftPackageReference "mux-stats-sdk-avplayer" */,
			);
			preferredProjectObjectVersion = 77;
			productRefGroup = E5D7E73E89B0FCB2A3F40635 /* Products */;
			projectDirPath = "";
			projectRoot = "";
			targets = (
				3B2FF305B2636568812898E3 /* GospelOutreachVideo_iOS */,
				EA2025686F29BD1605D8EF8C /* GospelOutreachVideo_tvOS */,
			);
		};
/* End PBXProject section */

/* Begin PBXResourcesBuildPhase section */
		1F0BE0A568236627FC196B80 /* Resources */ = {
			isa = PBXResourcesBuildPhase;
			buildActionMask = 2147483647;
			files = (
				9E05040404305CE3CB0D0CCB /* Assets.xcassets in Resources */,
				E29FFF9269B13A8C3E3EFFF1 /* GoogleService-Info.plist in Resources */,
				F0BA75E373A36869418FAEC4 /* intro_splash.mp4 in Resources */,
			);
			runOnlyForDeploymentPostprocessing = 0;
		};
		F33890C574077C9D778C8604 /* Resources */ = {
			isa = PBXResourcesBuildPhase;
			buildActionMask = 2147483647;
			files = (
				0C7298C66148AE5696764530 /* Assets.xcassets in Resources */,
				DD7B191C841786D7CD1DFB4C /* GoogleService-Info.plist in Resources */,
				4A2A3E01606F2DA2491CB582 /* intro_splash.mp4 in Resources */,
			);
			runOnlyForDeploymentPostprocessing = 0;
		};
/* End PBXResourcesBuildPhase section */

/* Begin PBXSourcesBuildPhase section */
		73488170367F251B2EF2FA12 /* Sources */ = {
			isa = PBXSourcesBuildPhase;
			buildActionMask = 2147483647;
			files = (
				CA74D97C966DD2A9E99514E7 /* AboutView.swift in Sources */,
				91CFA851BF9E3370FDD61829 /* AddToPlaylistView.swift in Sources */,
				1968D2BCCD9E5AAF73743503 /* AddVideosToPlaylistView.swift in Sources */,
				6A3F14F7A71F0390A7AEAA85 /* AlbumDetailView.swift in Sources */,
				CA14B964D77C49E5717AB104 /* AppDelegate.swift in Sources */,
				332BC2A7DC0BAC497543561E /* AppNavigator.swift in Sources */,
				2C0A932B9B6A1258C98074BA /* AppleMusicService.swift in Sources */,
				A89A75277E9AA007E1BC24E5 /* AppleMusicView.swift in Sources */,
				CF4ED2A8278C649791EDCC97 /* ArticleDetailView.swift in Sources */,
				7D468EABA6D25C6AE94FC0BE /* ArticleListView.swift in Sources */,
				D8BA8BFA91F29D86EC974FA8 /* AudioDownloadManager.swift in Sources */,
				C3D85C845698039546A0E559 /* AudioListView.swift in Sources */,
				0A4B46D9265D240BC2D5F349 /* AudioModels.swift in Sources */,
				288677ECB028860DB4D76929 /* AudioPlayerManager.swift in Sources */,
				6D0849175356ECC2B9DFA619 /* AuthService.swift in Sources */,
				E5634F1468F1CA47BB23010F /* AutoplayManager.swift in Sources */,
				736A226C146521F06F6E35DD /* BookDetailView.swift in Sources */,
				77DA59FFD756859D52166AE9 /* BookListView.swift in Sources */,
				7237D42BB0F9E8DF754487DD /* BrowseView.swift in Sources */,
				0747A3F4CDE3D84F8F768D6D /* CachedAsyncImage.swift in Sources */,
				A4CAB4FD63B4E28C6F19D3BA /* CategoryLibraryView.swift in Sources */,
				C2F474622ACBA3F6FCA55553 /* ContentAPI.swift in Sources */,
				472E1B7A7EFE5642262DA44E /* ContentPreloader.swift in Sources */,
				76FF919D5B0752221F11D7EB /* ContentView.swift in Sources */,
				0C01E4D8F2FA2DBE82323BC5 /* DeepLinkHandler.swift in Sources */,
				FC1440C98C655BB4183A2942 /* DownloadsView.swift in Sources */,
				466C17651CF896882A548C72 /* FeaturedManager.swift in Sources */,
				26A43AD2CBA73C9B9533D083 /* FeedbackView.swift in Sources */,
				12A93D5772617250437DD6EE /* ForceUpdateService.swift in Sources */,
				597AEE31F5CC89036B080B9F /* ForceUpdateView.swift in Sources */,
				7C30BAB0AADEA6EA0677E3A8 /* GospelOutreachTVApp.swift in Sources */,
				72FC2B08F4ED1600EA84BBDD /* HomeView.swift in Sources */,
				35DA88EF2CB623D6F207B819 /* IntroSplashView.swift in Sources */,
				9233AE2FBF5E1344D17B1775 /* KidsLibraryView.swift in Sources */,
				D872DB2B904394F5A149CB3E /* LinkTVView.swift in Sources */,
				8D6AF5BC32C431B8F36FB415 /* ListenView.swift in Sources */,
				E09D981DC7F735B25595C3DE /* LiveHLSProxy.swift in Sources */,
				F697A2289B32663B6D3401EF /* LiveStreamManager.swift in Sources */,
				55DB8A5AF7BD4C5DBE0F6D62 /* LiveStreamView.swift in Sources */,
				DFF42C8E1272AE5DA2B2C7F4 /* LoginView.swift in Sources */,
				BB74356160C6046FF3E05032 /* MuxAPI.swift in Sources */,
				05FAF3AAA549D58EFE6EBC5F /* MuxAssetURLTracker.swift in Sources */,
				76E59ADE90BBE8204F87FFD5 /* MuxModels.swift in Sources */,
				547BF8317AC2881F2ED6BDAA /* NewContentTracker.swift in Sources */,
				BAB9BBA00AAC9DA68BE04A15 /* PinLockView.swift in Sources */,
				02108BF384F5AF23FEDEC424 /* PinUnlockManager.swift in Sources */,
				1F53EB431B57DDC8A2D6C9D7 /* PlaybackProgress.swift in Sources */,
				78E6DF0114FA591C67F7333B /* PlaybackTracker.swift in Sources */,
				2AAD281AE18A3E5CF2092DC3 /* PlaylistDetailView.swift in Sources */,
				E6F7D98CAEDF1692D5F0A412 /* PlaylistModels.swift in Sources */,
				421227518220D54F05B3B16C /* PlaylistsView.swift in Sources */,
				7A58861CE46B9423426AE26B /* PodcastDetailView.swift in Sources */,
				8482B067D711D7819781F067 /* PodcastListView.swift in Sources */,
				4F199AC780543DEB2EE61372 /* PushNotificationManager.swift in Sources */,
				574659CCF8D08028D8AA661E /* ReadModels.swift in Sources */,
				0AF89CE0D6A178B75F4B84CA /* ReadView.swift in Sources */,
				3EAC9BE14027DC9F3C3D5F8B /* SearchView.swift in Sources */,
				704426868476656E3D0040B9 /* SeriesDetailView.swift in Sources */,
				0AD1F60294B31719E317444E /* SermonLibraryView.swift in Sources */,
				776A53C0ABA42D38A286E9A5 /* SessionTracker.swift in Sources */,
				AF32DF88449F43A770136EFC /* Shared.swift in Sources */,
				777409169E34DF02A5F50A3E /* TVAudioPlayerView.swift in Sources */,
				D16AC6ED72902428AA035328 /* TVLoginView.swift in Sources */,
				696DC44702590650C67A0E84 /* VideoDownloadManager.swift in Sources */,
				BBC897417C90F1383FEFEAE8 /* VideoPlayerView.swift in Sources */,
				FACDDFAF364E2788FE26DF97 /* WatchTimerLockView.swift in Sources */,
				C5A0BBF4227FA9C938ED416E /* WatchTimerManager.swift in Sources */,
				36824E447127B361217F92C6 /* WatchTimerSetupView.swift in Sources */,
				ABDFF8241542BB9A21066B9D /* WatchView.swift in Sources */,
			);
			runOnlyForDeploymentPostprocessing = 0;
		};
		C56C8AC99D5534CA8799BE4C /* Sources */ = {
			isa = PBXSourcesBuildPhase;
			buildActionMask = 2147483647;
			files = (
				FFC937001C5EC9ECD6A20C28 /* AboutView.swift in Sources */,
				94971029E81DED4B56A9879F /* AddToPlaylistView.swift in Sources */,
				EBCCC218BEE6CB782B62919B /* AddVideosToPlaylistView.swift in Sources */,
				3AE010A2643F8FF2150D6352 /* AlbumDetailView.swift in Sources */,
				E2168F1AF469BB027434F6BD /* AppDelegate.swift in Sources */,
				FB4E7405CD3B3E194DEF9460 /* AppNavigator.swift in Sources */,
				1595DF7B19A332EA231DBF94 /* AppleMusicService.swift in Sources */,
				26F8FD5D99003414EFED2E7B /* AppleMusicView.swift in Sources */,
				C6529CE414B0DDD9E878EBED /* ArticleDetailView.swift in Sources */,
				97CCDC899BE95CE5E9AA9379 /* ArticleListView.swift in Sources */,
				631E19A89F9CB54FB61EB301 /* AudioDownloadManager.swift in Sources */,
				96F84195DCE038CFD14D00CF /* AudioListView.swift in Sources */,
				57506669BD82F116738C52E8 /* AudioModels.swift in Sources */,
				83CF790A8FD2FF8B875B6DC4 /* AudioPlayerManager.swift in Sources */,
				186B314C7E51D486202EB1A4 /* AuthService.swift in Sources */,
				831FC8449C0C26DDBB61C0DF /* AutoplayManager.swift in Sources */,
				A2221D954B81BBEBBAF0F43C /* BookDetailView.swift in Sources */,
				8F6E8B16F526A7ECF48F02B9 /* BookListView.swift in Sources */,
				DF7CB206541F1AD967E989AA /* BrowseView.swift in Sources */,
				C692B79778E5BD2AD49854BB /* CachedAsyncImage.swift in Sources */,
				83ECE79C7559D1908BC66E68 /* CategoryLibraryView.swift in Sources */,
				72D408B2DC146D7981CD28BD /* ContentAPI.swift in Sources */,
				D45C3885194E55BF3C14A064 /* ContentPreloader.swift in Sources */,
				F175EC4FF1E90CA2AD1DE46D /* ContentView.swift in Sources */,
				1A7CC50D550568A3C55AE869 /* DeepLinkHandler.swift in Sources */,
				5DC0E873799798B15A01B065 /* DownloadsView.swift in Sources */,
				7B95A09E219E8F8290E35605 /* FeaturedManager.swift in Sources */,
				1DD88E221C40EE4FA682E998 /* FeedbackView.swift in Sources */,
				39C6FB0035C9097ED69D5CED /* ForceUpdateService.swift in Sources */,
				EFB7D1DBF7936A893BA67EE4 /* ForceUpdateView.swift in Sources */,
				7D408BE1AA52D3922A2B9116 /* GospelOutreachTVApp.swift in Sources */,
				CB5A8B050FCAD13F8B155DDB /* HomeView.swift in Sources */,
				5056555187B35A2163CA407C /* IntroSplashView.swift in Sources */,
				F47EC815985D54FAEDE10A6D /* KidsLibraryView.swift in Sources */,
				37E28E3A6C4CBE42F46BBFE4 /* LinkTVView.swift in Sources */,
				F78CE15BA16A73F298AB57B1 /* ListenView.swift in Sources */,
				7F4E3A143569D39C7EE1F6D7 /* LiveHLSProxy.swift in Sources */,
				98C4C4C4819FC5DB10D1EF68 /* LiveStreamManager.swift in Sources */,
				7085158A5E6EEF2A1560E0D0 /* LiveStreamView.swift in Sources */,
				99038A013D965DE8BBF75581 /* LoginView.swift in Sources */,
				51CF61EE7E25E11F93636807 /* MuxAPI.swift in Sources */,
				DE36B174B6462DE28DDCE5C8 /* MuxAssetURLTracker.swift in Sources */,
				58D9239992C4B6BF5F72027B /* MuxModels.swift in Sources */,
				2A992876A8C3290F0E889A0E /* NewContentTracker.swift in Sources */,
				6914B6704E0FA70AF7D96112 /* PinLockView.swift in Sources */,
				7DF69711FE0ACF39F44A01A0 /* PinUnlockManager.swift in Sources */,
				B689793AF610E7795C38D38F /* PlaybackProgress.swift in Sources */,
				5F770044DD1AEF056B8C98F8 /* PlaybackTracker.swift in Sources */,
				A179F431E1BD76AA9B09D611 /* PlaylistDetailView.swift in Sources */,
				E79CECE78435209C62F86880 /* PlaylistModels.swift in Sources */,
				8EB64707B9B2E24B62957E5B /* PlaylistsView.swift in Sources */,
				990C250439C56F49B075551E /* PodcastDetailView.swift in Sources */,
				9794B36E3F314DD50F32A691 /* PodcastListView.swift in Sources */,
				7AA680DDA6C4DD8E4BC51D91 /* PushNotificationManager.swift in Sources */,
				72A177263AD775FFE8B06CD2 /* ReadModels.swift in Sources */,
				B886659DC9B8DBF2C968AC2C /* ReadView.swift in Sources */,
				59FDE1EB10B5A7FCD021A836 /* SearchView.swift in Sources */,
				567C24FAE0B75C95D9CDF071 /* SeriesDetailView.swift in Sources */,
				21D3DE69E94859B429B4834F /* SermonLibraryView.swift in Sources */,
				1C2D65BDA5CBAF3DE3F4A6A2 /* SessionTracker.swift in Sources */,
				400B05D98D4C65295F52BEEB /* Shared.swift in Sources */,
				6A86C4DB26839E9C50671906 /* TVAudioPlayerView.swift in Sources */,
				9E7679E6C927C994EE7718FB /* TVLoginView.swift in Sources */,
				6EE469E8C1B5BD7BF77CBD1E /* VideoDownloadManager.swift in Sources */,
				B603BB0CFF1D2E580501DC72 /* VideoPlayerView.swift in Sources */,
				A3DCC3B7CBB48F5B650E5C9D /* WatchTimerLockView.swift in Sources */,
				6A13C68CE85152165CB1733F /* WatchTimerManager.swift in Sources */,
				5FFC1F0D9AC340815F6FE7FC /* WatchTimerSetupView.swift in Sources */,
				29A8F24D0B67DBF33EB43771 /* WatchView.swift in Sources */,
			);
			runOnlyForDeploymentPostprocessing = 0;
		};
/* End PBXSourcesBuildPhase section */

/* Begin XCBuildConfiguration section */
		38CDF7A6DDA76DC0189993D1 /* Release */ = {
			isa = XCBuildConfiguration;
			buildSettings = {
				ASSETCATALOG_COMPILER_APPICON_NAME = "App Icon & Top Shelf Image";
				ASSETCATALOG_COMPILER_LAUNCHIMAGE_NAME = LaunchImage;
				CODE_SIGN_ENTITLEMENTS = "Sources/GospelOutreach-tvOS.entitlements";
				CODE_SIGN_STYLE = Automatic;
				CURRENT_PROJECT_VERSION = 131;
				DEVELOPMENT_TEAM = N93KX6VC9R;
				GENERATE_INFOPLIST_FILE = NO;
				INFOPLIST_FILE = "Sources/Info-tvOS.plist";
				INFOPLIST_KEY_CFBundleDisplayName = "GO Media";
				LD_RUNPATH_SEARCH_PATHS = (
					"$(inherited)",
					"@executable_path/Frameworks",
				);
				MARKETING_VERSION = 2.0.1;
				PRODUCT_BUNDLE_IDENTIFIER = com.gospeloutreacholympia.tv;
				SDKROOT = appletvos;
				TARGETED_DEVICE_FAMILY = 3;
				TVOS_DEPLOYMENT_TARGET = 16.0;
			};
			name = Release;
		};
		B05E15DCC4858B521207DCA3 /* Debug */ = {
			isa = XCBuildConfiguration;
			buildSettings = {
				ALWAYS_SEARCH_USER_PATHS = NO;
				CLANG_ANALYZER_NONNULL = YES;
				CLANG_ANALYZER_NUMBER_OBJECT_CONVERSION = YES_AGGRESSIVE;
				CLANG_CXX_LANGUAGE_STANDARD = "gnu++14";
				CLANG_CXX_LIBRARY = "libc++";
				CLANG_ENABLE_MODULES = YES;
				CLANG_ENABLE_OBJC_ARC = YES;
				CLANG_ENABLE_OBJC_WEAK = YES;
				CLANG_WARN_BLOCK_CAPTURE_AUTORELEASING = YES;
				CLANG_WARN_BOOL_CONVERSION = YES;
				CLANG_WARN_COMMA = YES;
				CLANG_WARN_CONSTANT_CONVERSION = YES;
				CLANG_WARN_DEPRECATED_OBJC_IMPLEMENTATIONS = YES;
				CLANG_WARN_DIRECT_OBJC_ISA_USAGE = YES_ERROR;
				CLANG_WARN_DOCUMENTATION_COMMENTS = YES;
				CLANG_WARN_EMPTY_BODY = YES;
				CLANG_WARN_ENUM_CONVERSION = YES;
				CLANG_WARN_INFINITE_RECURSION = YES;
				CLANG_WARN_INT_CONVERSION = YES;
				CLANG_WARN_NON_LITERAL_NULL_CONVERSION = YES;
				CLANG_WARN_OBJC_IMPLICIT_RETAIN_SELF = YES;
				CLANG_WARN_OBJC_LITERAL_CONVERSION = YES;
				CLANG_WARN_OBJC_ROOT_CLASS = YES_ERROR;
				CLANG_WARN_QUOTED_INCLUDE_IN_FRAMEWORK_HEADER = YES;
				CLANG_WARN_RANGE_LOOP_ANALYSIS = YES;
				CLANG_WARN_STRICT_PROTOTYPES = YES;
				CLANG_WARN_SUSPICIOUS_MOVE = YES;
				CLANG_WARN_UNGUARDED_AVAILABILITY = YES_AGGRESSIVE;
				CLANG_WARN_UNREACHABLE_CODE = YES;
				CLANG_WARN__DUPLICATE_METHOD_MATCH = YES;
				COPY_PHASE_STRIP = NO;
				DEBUG_INFORMATION_FORMAT = dwarf;
				ENABLE_PREVIEWS = YES;
				ENABLE_STRICT_OBJC_MSGSEND = YES;
				ENABLE_TESTABILITY = YES;
				GCC_C_LANGUAGE_STANDARD = gnu11;
				GCC_DYNAMIC_NO_PIC = NO;
				GCC_NO_COMMON_BLOCKS = YES;
				GCC_OPTIMIZATION_LEVEL = 0;
				GCC_PREPROCESSOR_DEFINITIONS = (
					"$(inherited)",
					"DEBUG=1",
				);
				GCC_WARN_64_TO_32_BIT_CONVERSION = YES;
				GCC_WARN_ABOUT_RETURN_TYPE = YES_ERROR;
				GCC_WARN_UNDECLARED_SELECTOR = YES;
				GCC_WARN_UNINITIALIZED_AUTOS = YES_AGGRESSIVE;
				GCC_WARN_UNUSED_FUNCTION = YES;
				GCC_WARN_UNUSED_VARIABLE = YES;
				IPHONEOS_DEPLOYMENT_TARGET = 16.0;
				MTL_ENABLE_DEBUG_INFO = INCLUDE_SOURCE;
				MTL_FAST_MATH = YES;
				ONLY_ACTIVE_ARCH = YES;
				PRODUCT_NAME = "$(TARGET_NAME)";
				SWIFT_ACTIVE_COMPILATION_CONDITIONS = DEBUG;
				SWIFT_OPTIMIZATION_LEVEL = "-Onone";
				SWIFT_VERSION = 5.9;
				TVOS_DEPLOYMENT_TARGET = 16.0;
			};
			name = Debug;
		};
		BF0D5853E2168C0E830F4AB7 /* Debug */ = {
			isa = XCBuildConfiguration;
			buildSettings = {
				ASSETCATALOG_COMPILER_APPICON_NAME = "App Icon & Top Shelf Image";
				ASSETCATALOG_COMPILER_LAUNCHIMAGE_NAME = LaunchImage;
				CODE_SIGN_ENTITLEMENTS = "Sources/GospelOutreach-tvOS.entitlements";
				CODE_SIGN_STYLE = Automatic;
				CURRENT_PROJECT_VERSION = 131;
				DEVELOPMENT_TEAM = N93KX6VC9R;
				GENERATE_INFOPLIST_FILE = NO;
				INFOPLIST_FILE = "Sources/Info-tvOS.plist";
				INFOPLIST_KEY_CFBundleDisplayName = "GO Media";
				LD_RUNPATH_SEARCH_PATHS = (
					"$(inherited)",
					"@executable_path/Frameworks",
				);
				MARKETING_VERSION = 2.0.1;
				PRODUCT_BUNDLE_IDENTIFIER = com.gospeloutreacholympia.tv;
				SDKROOT = appletvos;
				TARGETED_DEVICE_FAMILY = 3;
				TVOS_DEPLOYMENT_TARGET = 16.0;
			};
			name = Debug;
		};
		CA0A8033216900C753683A8A /* Debug */ = {
			isa = XCBuildConfiguration;
			buildSettings = {
				ASSETCATALOG_COMPILER_APPICON_NAME = AppIcon;
				CODE_SIGN_ENTITLEMENTS = Sources/GospelOutreach.entitlements;
				CODE_SIGN_IDENTITY = "iPhone Developer";
				CODE_SIGN_STYLE = Automatic;
				CURRENT_PROJECT_VERSION = 131;
				DEVELOPMENT_TEAM = N93KX6VC9R;
				GENERATE_INFOPLIST_FILE = YES;
				INFOPLIST_FILE = Sources/Info.plist;
				INFOPLIST_KEY_CFBundleDisplayName = "GO Media";
				INFOPLIST_KEY_UILaunchScreen_Generation = YES;
				INFOPLIST_KEY_UISupportedInterfaceOrientations = "UIInterfaceOrientationPortrait UIInterfaceOrientationLandscapeLeft UIInterfaceOrientationLandscapeRight UIInterfaceOrientationPortraitUpsideDown";
				INFOPLIST_KEY_UISupportedInterfaceOrientations_iPad = "UIInterfaceOrientationPortrait UIInterfaceOrientationLandscapeLeft UIInterfaceOrientationLandscapeRight UIInterfaceOrientationPortraitUpsideDown";
				IPHONEOS_DEPLOYMENT_TARGET = 16.0;
				LD_RUNPATH_SEARCH_PATHS = (
					"$(inherited)",
					"@executable_path/Frameworks",
				);
				MARKETING_VERSION = 2.0.1;
				PRODUCT_BUNDLE_IDENTIFIER = com.gospeloutreacholympia.tv;
				SDKROOT = iphoneos;
				TARGETED_DEVICE_FAMILY = "1,2";
			};
			name = Debug;
		};
		E421303F277A2627CD042A30 /* Release */ = {
			isa = XCBuildConfiguration;
			buildSettings = {
				ALWAYS_SEARCH_USER_PATHS = NO;
				CLANG_ANALYZER_NONNULL = YES;
				CLANG_ANALYZER_NUMBER_OBJECT_CONVERSION = YES_AGGRESSIVE;
				CLANG_CXX_LANGUAGE_STANDARD = "gnu++14";
				CLANG_CXX_LIBRARY = "libc++";
				CLANG_ENABLE_MODULES = YES;
				CLANG_ENABLE_OBJC_ARC = YES;
				CLANG_ENABLE_OBJC_WEAK = YES;
				CLANG_WARN_BLOCK_CAPTURE_AUTORELEASING = YES;
				CLANG_WARN_BOOL_CONVERSION = YES;
				CLANG_WARN_COMMA = YES;
				CLANG_WARN_CONSTANT_CONVERSION = YES;
				CLANG_WARN_DEPRECATED_OBJC_IMPLEMENTATIONS = YES;
				CLANG_WARN_DIRECT_OBJC_ISA_USAGE = YES_ERROR;
				CLANG_WARN_DOCUMENTATION_COMMENTS = YES;
				CLANG_WARN_EMPTY_BODY = YES;
				CLANG_WARN_ENUM_CONVERSION = YES;
				CLANG_WARN_INFINITE_RECURSION = YES;
				CLANG_WARN_INT_CONVERSION = YES;
				CLANG_WARN_NON_LITERAL_NULL_CONVERSION = YES;
				CLANG_WARN_OBJC_IMPLICIT_RETAIN_SELF = YES;
				CLANG_WARN_OBJC_LITERAL_CONVERSION = YES;
				CLANG_WARN_OBJC_ROOT_CLASS = YES_ERROR;
				CLANG_WARN_QUOTED_INCLUDE_IN_FRAMEWORK_HEADER = YES;
				CLANG_WARN_RANGE_LOOP_ANALYSIS = YES;
				CLANG_WARN_STRICT_PROTOTYPES = YES;
				CLANG_WARN_SUSPICIOUS_MOVE = YES;
				CLANG_WARN_UNGUARDED_AVAILABILITY = YES_AGGRESSIVE;
				CLANG_WARN_UNREACHABLE_CODE = YES;
				CLANG_WARN__DUPLICATE_METHOD_MATCH = YES;
				COPY_PHASE_STRIP = NO;
				DEBUG_INFORMATION_FORMAT = "dwarf-with-dsym";
				ENABLE_NS_ASSERTIONS = NO;
				ENABLE_PREVIEWS = YES;
				ENABLE_STRICT_OBJC_MSGSEND = YES;
				GCC_C_LANGUAGE_STANDARD = gnu11;
				GCC_NO_COMMON_BLOCKS = YES;
				GCC_WARN_64_TO_32_BIT_CONVERSION = YES;
				GCC_WARN_ABOUT_RETURN_TYPE = YES_ERROR;
				GCC_WARN_UNDECLARED_SELECTOR = YES;
				GCC_WARN_UNINITIALIZED_AUTOS = YES_AGGRESSIVE;
				GCC_WARN_UNUSED_FUNCTION = YES;
				GCC_WARN_UNUSED_VARIABLE = YES;
				IPHONEOS_DEPLOYMENT_TARGET = 16.0;
				MTL_ENABLE_DEBUG_INFO = NO;
				MTL_FAST_MATH = YES;
				PRODUCT_NAME = "$(TARGET_NAME)";
				SWIFT_COMPILATION_MODE = wholemodule;
				SWIFT_OPTIMIZATION_LEVEL = "-O";
				SWIFT_VERSION = 5.9;
				TVOS_DEPLOYMENT_TARGET = 16.0;
			};
			name = Release;
		};
		F015E78FCC258B962FF41422 /* Release */ = {
			isa = XCBuildConfiguration;
			buildSettings = {
				ASSETCATALOG_COMPILER_APPICON_NAME = AppIcon;
				CODE_SIGN_ENTITLEMENTS = Sources/GospelOutreach.entitlements;
				CODE_SIGN_IDENTITY = "iPhone Developer";
				CODE_SIGN_STYLE = Automatic;
				CURRENT_PROJECT_VERSION = 131;
				DEVELOPMENT_TEAM = N93KX6VC9R;
				GENERATE_INFOPLIST_FILE = YES;
				INFOPLIST_FILE = Sources/Info.plist;
				INFOPLIST_KEY_CFBundleDisplayName = "GO Media";
				INFOPLIST_KEY_UILaunchScreen_Generation = YES;
				INFOPLIST_KEY_UISupportedInterfaceOrientations = "UIInterfaceOrientationPortrait UIInterfaceOrientationLandscapeLeft UIInterfaceOrientationLandscapeRight UIInterfaceOrientationPortraitUpsideDown";
				INFOPLIST_KEY_UISupportedInterfaceOrientations_iPad = "UIInterfaceOrientationPortrait UIInterfaceOrientationLandscapeLeft UIInterfaceOrientationLandscapeRight UIInterfaceOrientationPortraitUpsideDown";
				IPHONEOS_DEPLOYMENT_TARGET = 16.0;
				LD_RUNPATH_SEARCH_PATHS = (
					"$(inherited)",
					"@executable_path/Frameworks",
				);
				MARKETING_VERSION = 2.0.1;
				PRODUCT_BUNDLE_IDENTIFIER = com.gospeloutreacholympia.tv;
				SDKROOT = iphoneos;
				TARGETED_DEVICE_FAMILY = "1,2";
			};
			name = Release;
		};
/* End XCBuildConfiguration section */

/* Begin XCConfigurationList section */
		467A5C018797E1A87A4DE4D9 /* Build configuration list for PBXProject "GospelOutreachVideo" */ = {
			isa = XCConfigurationList;
			buildConfigurations = (
				B05E15DCC4858B521207DCA3 /* Debug */,
				E421303F277A2627CD042A30 /* Release */,
			);
			defaultConfigurationIsVisible = 0;
			defaultConfigurationName = Debug;
		};
		BE60DFE595841FBB5E91E8AB /* Build configuration list for PBXNativeTarget "GospelOutreachVideo_iOS" */ = {
			isa = XCConfigurationList;
			buildConfigurations = (
				CA0A8033216900C753683A8A /* Debug */,
				F015E78FCC258B962FF41422 /* Release */,
			);
			defaultConfigurationIsVisible = 0;
			defaultConfigurationName = Debug;
		};
		D3097B8EF4B725D771429EF3 /* Build configuration list for PBXNativeTarget "GospelOutreachVideo_tvOS" */ = {
			isa = XCConfigurationList;
			buildConfigurations = (
				BF0D5853E2168C0E830F4AB7 /* Debug */,
				38CDF7A6DDA76DC0189993D1 /* Release */,
			);
			defaultConfigurationIsVisible = 0;
			defaultConfigurationName = Debug;
		};
/* End XCConfigurationList section */

/* Begin XCRemoteSwiftPackageReference section */
		52989700F9B30FF08C80DE0E /* XCRemoteSwiftPackageReference "firebase-ios-sdk" */ = {
			isa = XCRemoteSwiftPackageReference;
			repositoryURL = "https://github.com/firebase/firebase-ios-sdk";
			requirement = {
				kind = upToNextMajorVersion;
				minimumVersion = 11.0.0;
			};
		};
		F2AF9F7923BBE405034FA9F5 /* XCRemoteSwiftPackageReference "GoogleSignIn-iOS" */ = {
			isa = XCRemoteSwiftPackageReference;
			repositoryURL = "https://github.com/google/GoogleSignIn-iOS";
			requirement = {
				kind = upToNextMajorVersion;
				minimumVersion = 8.0.0;
			};
		};
		FEE97297DB5B7C618B5537C4 /* XCRemoteSwiftPackageReference "mux-stats-sdk-avplayer" */ = {
			isa = XCRemoteSwiftPackageReference;
			repositoryURL = "https://github.com/muxinc/mux-stats-sdk-avplayer";
			requirement = {
				kind = upToNextMajorVersion;
				minimumVersion = 3.0.0;
			};
		};
/* End XCRemoteSwiftPackageReference section */

/* Begin XCSwiftPackageProductDependency section */
		05C11F21CBA1F6CAAED37BC8 /* FirebaseAuth */ = {
			isa = XCSwiftPackageProductDependency;
			package = 52989700F9B30FF08C80DE0E /* XCRemoteSwiftPackageReference "firebase-ios-sdk" */;
			productName = FirebaseAuth;
		};
		07232A8E50ECF46A6D38B258 /* FirebaseMessaging */ = {
			isa = XCSwiftPackageProductDependency;
			package = 52989700F9B30FF08C80DE0E /* XCRemoteSwiftPackageReference "firebase-ios-sdk" */;
			productName = FirebaseMessaging;
		};
		0C766F2606180BCE45350973 /* FirebaseRemoteConfig */ = {
			isa = XCSwiftPackageProductDependency;
			package = 52989700F9B30FF08C80DE0E /* XCRemoteSwiftPackageReference "firebase-ios-sdk" */;
			productName = FirebaseRemoteConfig;
		};
		1616E3C0C3F1B6C58EA2E6F8 /* FirebaseCore */ = {
			isa = XCSwiftPackageProductDependency;
			package = 52989700F9B30FF08C80DE0E /* XCRemoteSwiftPackageReference "firebase-ios-sdk" */;
			productName = FirebaseCore;
		};
		198DFAB326E47D6CBFE8E37C /* FirebaseFirestore */ = {
			isa = XCSwiftPackageProductDependency;
			package = 52989700F9B30FF08C80DE0E /* XCRemoteSwiftPackageReference "firebase-ios-sdk" */;
			productName = FirebaseFirestore;
		};
		35D44B0978FF2C72BE2CC2F9 /* FirebaseFirestore */ = {
			isa = XCSwiftPackageProductDependency;
			package = 52989700F9B30FF08C80DE0E /* XCRemoteSwiftPackageReference "firebase-ios-sdk" */;
			productName = FirebaseFirestore;
		};
		3CD4E424DC7058D3796D101E /* MUXSDKStats */ = {
			isa = XCSwiftPackageProductDependency;
			package = FEE97297DB5B7C618B5537C4 /* XCRemoteSwiftPackageReference "mux-stats-sdk-avplayer" */;
			productName = MUXSDKStats;
		};
		5C61C0AD64DD13DEC5E84967 /* FirebaseRemoteConfig */ = {
			isa = XCSwiftPackageProductDependency;
			package = 52989700F9B30FF08C80DE0E /* XCRemoteSwiftPackageReference "firebase-ios-sdk" */;
			productName = FirebaseRemoteConfig;
		};
		72BA9A315F8E4750E796317C /* GoogleSignInSwift */ = {
			isa = XCSwiftPackageProductDependency;
			package = F2AF9F7923BBE405034FA9F5 /* XCRemoteSwiftPackageReference "GoogleSignIn-iOS" */;
			productName = GoogleSignInSwift;
		};
		8961F1906985231ADA4CACED /* MUXSDKStats */ = {
			isa = XCSwiftPackageProductDependency;
			package = FEE97297DB5B7C618B5537C4 /* XCRemoteSwiftPackageReference "mux-stats-sdk-avplayer" */;
			productName = MUXSDKStats;
		};
		9A8A8DED16B6E9F5CB245016 /* FirebaseAuth */ = {
			isa = XCSwiftPackageProductDependency;
			package = 52989700F9B30FF08C80DE0E /* XCRemoteSwiftPackageReference "firebase-ios-sdk" */;
			productName = FirebaseAuth;
		};
		A25A79A6CDCF39416971A7B4 /* FirebaseCore */ = {
			isa = XCSwiftPackageProductDependency;
			package = 52989700F9B30FF08C80DE0E /* XCRemoteSwiftPackageReference "firebase-ios-sdk" */;
			productName = FirebaseCore;
		};
		FB4D0E603F0298E4139F45A6 /* GoogleSignIn */ = {
			isa = XCSwiftPackageProductDependency;
			package = F2AF9F7923BBE405034FA9F5 /* XCRemoteSwiftPackageReference "GoogleSignIn-iOS" */;
			productName = GoogleSignIn;
		};
/* End XCSwiftPackageProductDependency section */
	};
	rootObject = 1AA505967DB338C1D7F1C448 /* Project object */;
}
